
Microsoft Visual Studio Solution File, Format Version 12.00
# Visual Studio Version 17
VisualStudioVersion = 17.1.32328.378
MinimumVisualStudioVersion = 10.0.40219.1
Project("{FAE04EC0-301F-11D3-BF4B-00C04F79EFBC}") = "works", "works\works.csproj", "{7DAEDE7E-5A6F-4AC5-9570-6AF07D87F1EA}"
EndProject
Global
	GlobalSection(SolutionConfigurationPlatforms) = preSolution
		Debug|Any CPU = Debug|Any CPU
		Release|Any CPU = Release|Any CPU
	EndGlobalSection
	GlobalSection(ProjectConfigurationPlatforms) = postSolution
		{7DAEDE7E-5A6F-4AC5-9570-6AF07D87F1EA}.Debug|Any CPU.ActiveCfg = Debug|Any CPU
		{7DAEDE7E-5A6F-4AC5-9570-6AF07D87F1EA}.Debug|Any CPU.Build.0 = Debug|Any CPU
		{7DAEDE7E-5A6F-4AC5-9570-6AF07D87F1EA}.Release|Any CPU.ActiveCfg = Release|Any CPU
		{7DAEDE7E-5A6F-4AC5-9570-6AF07D87F1EA}.Release|Any CPU.Build.0 = Release|Any CPU
	EndGlobalSection
	GlobalSection(SolutionProperties) = preSolution
		HideSolutionNode = FALSE
	EndGlobalSection
	GlobalSection(ExtensibilityGlobals) = postSolution
		SolutionGuid = {73829FC6-B798-45ED-B03A-43E3C43D10B3}
	EndGlobalSection
EndGlobal
