
Microsoft Visual Studio Solution File, Format Version 12.00
# Visual Studio Version 17
VisualStudioVersion = 17.1.32328.378
MinimumVisualStudioVersion = 10.0.40219.1
Project("{9A19103F-16F7-4668-BE54-9A1E7A4F7556}") = "works", "works\works.csproj", "{7DAEDE7E-5A6F-4AC5-9570-6AF07D87F1EA}"
EndProject
Project("{9A19103F-16F7-4668-BE54-9A1E7A4F7556}") = "ders5", "ders5\ders5.csproj", "{DE4D9738-C3C3-4A3E-99BF-0891122B9AB3}"
EndProject
Project("{9A19103F-16F7-4668-BE54-9A1E7A4F7556}") = "Switch Case", "Switch Case\Switch Case.csproj", "{99561D80-AA27-4F0B-8C05-5B7BC87381C3}"
EndProject
Project("{9A19103F-16F7-4668-BE54-9A1E7A4F7556}") = "Dongu", "Dongu\Dongu.csproj", "{89B085B1-C4C4-43A1-BEC2-5892F61E9298}"
EndProject
Project("{FAE04EC0-301F-11D3-BF4B-00C04F79EFBC}") = "Dizi", "Dizi\Dizi.csproj", "{70D8BF22-984C-4B1B-9652-654161EDF3A8}"
EndProject
Project("{FAE04EC0-301F-11D3-BF4B-00C04F79EFBC}") = "Sansoyunları", "Sansoyunları\Sansoyunları.csproj", "{6A95D04C-2EB3-47FB-AE1C-1734C31F319E}"
EndProject
Global
	GlobalSection(SolutionConfigurationPlatforms) = preSolution
		Debug|Any CPU = Debug|Any CPU
		Release|Any CPU = Release|Any CPU
	EndGlobalSection
	GlobalSection(ProjectConfigurationPlatforms) = postSolution
		{7DAEDE7E-5A6F-4AC5-9570-6AF07D87F1EA}.Debug|Any CPU.ActiveCfg = Debug|Any CPU
		{7DAEDE7E-5A6F-4AC5-9570-6AF07D87F1EA}.Debug|Any CPU.Build.0 = Debug|Any CPU
		{7DAEDE7E-5A6F-4AC5-9570-6AF07D87F1EA}.Release|Any CPU.ActiveCfg = Release|Any CPU
		{7DAEDE7E-5A6F-4AC5-9570-6AF07D87F1EA}.Release|Any CPU.Build.0 = Release|Any CPU
		{DE4D9738-C3C3-4A3E-99BF-0891122B9AB3}.Debug|Any CPU.ActiveCfg = Debug|Any CPU
		{DE4D9738-C3C3-4A3E-99BF-0891122B9AB3}.Debug|Any CPU.Build.0 = Debug|Any CPU
		{DE4D9738-C3C3-4A3E-99BF-0891122B9AB3}.Release|Any CPU.ActiveCfg = Release|Any CPU
		{DE4D9738-C3C3-4A3E-99BF-0891122B9AB3}.Release|Any CPU.Build.0 = Release|Any CPU
		{99561D80-AA27-4F0B-8C05-5B7BC87381C3}.Debug|Any CPU.ActiveCfg = Debug|Any CPU
		{99561D80-AA27-4F0B-8C05-5B7BC87381C3}.Debug|Any CPU.Build.0 = Debug|Any CPU
		{99561D80-AA27-4F0B-8C05-5B7BC87381C3}.Release|Any CPU.ActiveCfg = Release|Any CPU
		{99561D80-AA27-4F0B-8C05-5B7BC87381C3}.Release|Any CPU.Build.0 = Release|Any CPU
		{89B085B1-C4C4-43A1-BEC2-5892F61E9298}.Debug|Any CPU.ActiveCfg = Debug|Any CPU
		{89B085B1-C4C4-43A1-BEC2-5892F61E9298}.Debug|Any CPU.Build.0 = Debug|Any CPU
		{89B085B1-C4C4-43A1-BEC2-5892F61E9298}.Release|Any CPU.ActiveCfg = Release|Any CPU
		{89B085B1-C4C4-43A1-BEC2-5892F61E9298}.Release|Any CPU.Build.0 = Release|Any CPU
		{70D8BF22-984C-4B1B-9652-654161EDF3A8}.Debug|Any CPU.ActiveCfg = Debug|Any CPU
		{70D8BF22-984C-4B1B-9652-654161EDF3A8}.Debug|Any CPU.Build.0 = Debug|Any CPU
		{70D8BF22-984C-4B1B-9652-654161EDF3A8}.Release|Any CPU.ActiveCfg = Release|Any CPU
		{70D8BF22-984C-4B1B-9652-654161EDF3A8}.Release|Any CPU.Build.0 = Release|Any CPU
		{6A95D04C-2EB3-47FB-AE1C-1734C31F319E}.Debug|Any CPU.ActiveCfg = Debug|Any CPU
		{6A95D04C-2EB3-47FB-AE1C-1734C31F319E}.Debug|Any CPU.Build.0 = Debug|Any CPU
		{6A95D04C-2EB3-47FB-AE1C-1734C31F319E}.Release|Any CPU.ActiveCfg = Release|Any CPU
		{6A95D04C-2EB3-47FB-AE1C-1734C31F319E}.Release|Any CPU.Build.0 = Release|Any CPU
	EndGlobalSection
	GlobalSection(SolutionProperties) = preSolution
		HideSolutionNode = FALSE
	EndGlobalSection
	GlobalSection(ExtensibilityGlobals) = postSolution
		SolutionGuid = {73829FC6-B798-45ED-B03A-43E3C43D10B3}
	EndGlobalSection
EndGlobal
